
Microsoft Visual Studio Solution File, Format Version 12.00
# Visual Studio Version 17
VisualStudioVersion = 17.13.35913.81
MinimumVisualStudioVersion = 10.0.40219.1
Project("{2150E333-8FDC-42A3-9474-1A3956D46DE8}") = "FrontEnd", "FrontEnd", "{E9DE57A7-0F31-4D3E-928B-A7CFA1B11120}"
EndProject
Project("{2150E333-8FDC-42A3-9474-1A3956D46DE8}") = "Services", "Services", "{2AD80658-2425-407E-B2B6-D860D89BFE92}"
EndProject
Project("{FAE04EC0-301F-11D3-BF4B-00C04F79EFBC}") = "GeekShopping.Web", "GeekShopping.Web\GeekShopping.Web.csproj", "{6002C893-7601-499A-9348-8FBC4B1373C1}"
EndProject
Project("{FAE04EC0-301F-11D3-BF4B-00C04F79EFBC}") = "GeekShopping.ProductAPI", "GeekShopping.ProductAPI\GeekShopping.ProductAPI.csproj", "{CBFB8DA2-F6CC-4DA4-8767-3AEA2F02F20C}"
EndProject
Project("{FAE04EC0-301F-11D3-BF4B-00C04F79EFBC}") = "GeekShopping.IdentityServer", "GeekShopping.IdentityServer\GeekShopping.IdentityServer.csproj", "{2C2B8590-5D18-4F2D-8551-E3465275E2B3}"
EndProject
Project("{FAE04EC0-301F-11D3-BF4B-00C04F79EFBC}") = "GeekShopping.CartAPI", "GeekShopping.CartAPI\GeekShopping.CartAPI.csproj", "{34F723BB-C5D1-4F30-BFEC-9D3107CE91EF}"
EndProject
Project("{FAE04EC0-301F-11D3-BF4B-00C04F79EFBC}") = "GeekShopping.CouponAPI", "GeekShopping.CouponAPI\GeekShopping.CouponAPI.csproj", "{E7987831-CBD1-4367-80DE-BAD6915CC94D}"
EndProject
Project("{2150E333-8FDC-42A3-9474-1A3956D46DE8}") = "Integration", "Integration", "{02EA681E-C7D8-13C7-8484-4AC65E1B71E8}"
EndProject
Project("{FAE04EC0-301F-11D3-BF4B-00C04F79EFBC}") = "GeekShopping.MessageBus", "GeekShopping.MessageBus\GeekShopping.MessageBus.csproj", "{6B67606E-9DC2-4624-A981-BD682CC4C6B5}"
EndProject
Project("{FAE04EC0-301F-11D3-BF4B-00C04F79EFBC}") = "GeekShopping.OrderAPI", "GeekShopping.OrderAPI\GeekShopping.OrderAPI.csproj", "{0BFBF44A-9F59-4B1B-B9F4-2538CE95D2F2}"
EndProject
Project("{2150E333-8FDC-42A3-9474-1A3956D46DE8}") = "Payments", "Payments", "{EF9C0B34-5194-459A-9D16-2C3ACDB405BF}"
EndProject
Project("{FAE04EC0-301F-11D3-BF4B-00C04F79EFBC}") = "GeekShopping.PaymentProcessor", "GeekShopping.PaymentProcessor\GeekShopping.PaymentProcessor.csproj", "{A08279DE-15AF-4467-A0B2-99BF19166C5F}"
EndProject
Project("{FAE04EC0-301F-11D3-BF4B-00C04F79EFBC}") = "GeekShopping.PaymentAPI", "GeekShopping.PaymentAPI\GeekShopping.PaymentAPI.csproj", "{CEED560F-A5A3-4323-BB89-769E429ABF31}"
EndProject
Project("{FAE04EC0-301F-11D3-BF4B-00C04F79EFBC}") = "GeekShopping.Email", "GeekShopping.Email\GeekShopping.Email.csproj", "{0E2FB809-F7C9-4DE8-93DC-3BA9F6C5146F}"
EndProject
Project("{2150E333-8FDC-42A3-9474-1A3956D46DE8}") = "Gateway", "Gateway", "{20214D11-593A-4431-A723-B911701599E0}"
EndProject
Project("{FAE04EC0-301F-11D3-BF4B-00C04F79EFBC}") = "GeekShopping.APIGateway", "GeekShopping.APIGateway\GeekShopping.APIGateway.csproj", "{10C992BB-73E7-4494-9E55-EF3A6787D145}"
EndProject
Global
	GlobalSection(SolutionConfigurationPlatforms) = preSolution
		Debug|Any CPU = Debug|Any CPU
		Release|Any CPU = Release|Any CPU
	EndGlobalSection
	GlobalSection(ProjectConfigurationPlatforms) = postSolution
		{6002C893-7601-499A-9348-8FBC4B1373C1}.Debug|Any CPU.ActiveCfg = Debug|Any CPU
		{6002C893-7601-499A-9348-8FBC4B1373C1}.Debug|Any CPU.Build.0 = Debug|Any CPU
		{6002C893-7601-499A-9348-8FBC4B1373C1}.Release|Any CPU.ActiveCfg = Release|Any CPU
		{6002C893-7601-499A-9348-8FBC4B1373C1}.Release|Any CPU.Build.0 = Release|Any CPU
		{CBFB8DA2-F6CC-4DA4-8767-3AEA2F02F20C}.Debug|Any CPU.ActiveCfg = Debug|Any CPU
		{CBFB8DA2-F6CC-4DA4-8767-3AEA2F02F20C}.Debug|Any CPU.Build.0 = Debug|Any CPU
		{CBFB8DA2-F6CC-4DA4-8767-3AEA2F02F20C}.Release|Any CPU.ActiveCfg = Release|Any CPU
		{CBFB8DA2-F6CC-4DA4-8767-3AEA2F02F20C}.Release|Any CPU.Build.0 = Release|Any CPU
		{2C2B8590-5D18-4F2D-8551-E3465275E2B3}.Debug|Any CPU.ActiveCfg = Debug|Any CPU
		{2C2B8590-5D18-4F2D-8551-E3465275E2B3}.Debug|Any CPU.Build.0 = Debug|Any CPU
		{2C2B8590-5D18-4F2D-8551-E3465275E2B3}.Release|Any CPU.ActiveCfg = Release|Any CPU
		{2C2B8590-5D18-4F2D-8551-E3465275E2B3}.Release|Any CPU.Build.0 = Release|Any CPU
		{34F723BB-C5D1-4F30-BFEC-9D3107CE91EF}.Debug|Any CPU.ActiveCfg = Debug|Any CPU
		{34F723BB-C5D1-4F30-BFEC-9D3107CE91EF}.Debug|Any CPU.Build.0 = Debug|Any CPU
		{34F723BB-C5D1-4F30-BFEC-9D3107CE91EF}.Release|Any CPU.ActiveCfg = Release|Any CPU
		{34F723BB-C5D1-4F30-BFEC-9D3107CE91EF}.Release|Any CPU.Build.0 = Release|Any CPU
		{E7987831-CBD1-4367-80DE-BAD6915CC94D}.Debug|Any CPU.ActiveCfg = Debug|Any CPU
		{E7987831-CBD1-4367-80DE-BAD6915CC94D}.Debug|Any CPU.Build.0 = Debug|Any CPU
		{E7987831-CBD1-4367-80DE-BAD6915CC94D}.Release|Any CPU.ActiveCfg = Release|Any CPU
		{E7987831-CBD1-4367-80DE-BAD6915CC94D}.Release|Any CPU.Build.0 = Release|Any CPU
		{6B67606E-9DC2-4624-A981-BD682CC4C6B5}.Debug|Any CPU.ActiveCfg = Debug|Any CPU
		{6B67606E-9DC2-4624-A981-BD682CC4C6B5}.Debug|Any CPU.Build.0 = Debug|Any CPU
		{6B67606E-9DC2-4624-A981-BD682CC4C6B5}.Release|Any CPU.ActiveCfg = Release|Any CPU
		{6B67606E-9DC2-4624-A981-BD682CC4C6B5}.Release|Any CPU.Build.0 = Release|Any CPU
		{0BFBF44A-9F59-4B1B-B9F4-2538CE95D2F2}.Debug|Any CPU.ActiveCfg = Debug|Any CPU
		{0BFBF44A-9F59-4B1B-B9F4-2538CE95D2F2}.Debug|Any CPU.Build.0 = Debug|Any CPU
		{0BFBF44A-9F59-4B1B-B9F4-2538CE95D2F2}.Release|Any CPU.ActiveCfg = Release|Any CPU
		{0BFBF44A-9F59-4B1B-B9F4-2538CE95D2F2}.Release|Any CPU.Build.0 = Release|Any CPU
		{A08279DE-15AF-4467-A0B2-99BF19166C5F}.Debug|Any CPU.ActiveCfg = Debug|Any CPU
		{A08279DE-15AF-4467-A0B2-99BF19166C5F}.Debug|Any CPU.Build.0 = Debug|Any CPU
		{A08279DE-15AF-4467-A0B2-99BF19166C5F}.Release|Any CPU.ActiveCfg = Release|Any CPU
		{A08279DE-15AF-4467-A0B2-99BF19166C5F}.Release|Any CPU.Build.0 = Release|Any CPU
		{CEED560F-A5A3-4323-BB89-769E429ABF31}.Debug|Any CPU.ActiveCfg = Debug|Any CPU
		{CEED560F-A5A3-4323-BB89-769E429ABF31}.Debug|Any CPU.Build.0 = Debug|Any CPU
		{CEED560F-A5A3-4323-BB89-769E429ABF31}.Release|Any CPU.ActiveCfg = Release|Any CPU
		{CEED560F-A5A3-4323-BB89-769E429ABF31}.Release|Any CPU.Build.0 = Release|Any CPU
		{0E2FB809-F7C9-4DE8-93DC-3BA9F6C5146F}.Debug|Any CPU.ActiveCfg = Debug|Any CPU
		{0E2FB809-F7C9-4DE8-93DC-3BA9F6C5146F}.Debug|Any CPU.Build.0 = Debug|Any CPU
		{0E2FB809-F7C9-4DE8-93DC-3BA9F6C5146F}.Release|Any CPU.ActiveCfg = Release|Any CPU
		{0E2FB809-F7C9-4DE8-93DC-3BA9F6C5146F}.Release|Any CPU.Build.0 = Release|Any CPU
		{10C992BB-73E7-4494-9E55-EF3A6787D145}.Debug|Any CPU.ActiveCfg = Debug|Any CPU
		{10C992BB-73E7-4494-9E55-EF3A6787D145}.Debug|Any CPU.Build.0 = Debug|Any CPU
		{10C992BB-73E7-4494-9E55-EF3A6787D145}.Release|Any CPU.ActiveCfg = Release|Any CPU
		{10C992BB-73E7-4494-9E55-EF3A6787D145}.Release|Any CPU.Build.0 = Release|Any CPU
	EndGlobalSection
	GlobalSection(SolutionProperties) = preSolution
		HideSolutionNode = FALSE
	EndGlobalSection
	GlobalSection(NestedProjects) = preSolution
		{6002C893-7601-499A-9348-8FBC4B1373C1} = {E9DE57A7-0F31-4D3E-928B-A7CFA1B11120}
		{CBFB8DA2-F6CC-4DA4-8767-3AEA2F02F20C} = {2AD80658-2425-407E-B2B6-D860D89BFE92}
		{2C2B8590-5D18-4F2D-8551-E3465275E2B3} = {2AD80658-2425-407E-B2B6-D860D89BFE92}
		{34F723BB-C5D1-4F30-BFEC-9D3107CE91EF} = {2AD80658-2425-407E-B2B6-D860D89BFE92}
		{E7987831-CBD1-4367-80DE-BAD6915CC94D} = {2AD80658-2425-407E-B2B6-D860D89BFE92}
		{6B67606E-9DC2-4624-A981-BD682CC4C6B5} = {02EA681E-C7D8-13C7-8484-4AC65E1B71E8}
		{0BFBF44A-9F59-4B1B-B9F4-2538CE95D2F2} = {2AD80658-2425-407E-B2B6-D860D89BFE92}
		{A08279DE-15AF-4467-A0B2-99BF19166C5F} = {EF9C0B34-5194-459A-9D16-2C3ACDB405BF}
		{CEED560F-A5A3-4323-BB89-769E429ABF31} = {2AD80658-2425-407E-B2B6-D860D89BFE92}
		{0E2FB809-F7C9-4DE8-93DC-3BA9F6C5146F} = {2AD80658-2425-407E-B2B6-D860D89BFE92}
		{10C992BB-73E7-4494-9E55-EF3A6787D145} = {20214D11-593A-4431-A723-B911701599E0}
	EndGlobalSection
	GlobalSection(ExtensibilityGlobals) = postSolution
		SolutionGuid = {A479EBA9-D9C6-4EF5-90B3-F1DDC627AA3E}
	EndGlobalSection
EndGlobal
